// !$*UTF8*$!
{
	archiveVersion = 1;
	classes = {
	};
	objectVersion = 55;
	objects = {

/* Begin PBXBuildFile section */
		14616C3E283D14E500158D13 /* RecordStartViewController.swift in Sources */ = {isa = PBXBuildFile; fileRef = 14616C3D283D14E500158D13 /* RecordStartViewController.swift */; };
		14616C40283D412B00158D13 /* UIStackView+Ext.swift in Sources */ = {isa = PBXBuildFile; fileRef = 14616C3F283D412B00158D13 /* UIStackView+Ext.swift */; };
		14616C42283E945D00158D13 /* HealthKit.framework in Frameworks */ = {isa = PBXBuildFile; fileRef = 14616C41283E945D00158D13 /* HealthKit.framework */; };
		14616C46284218F000158D13 /* BasePopupViewController.swift in Sources */ = {isa = PBXBuildFile; fileRef = 14616C45284218F000158D13 /* BasePopupViewController.swift */; };
		14616C4828421A9400158D13 /* RecordFinishPopupViewController.swift in Sources */ = {isa = PBXBuildFile; fileRef = 14616C4728421A9400158D13 /* RecordFinishPopupViewController.swift */; };
		14616C4B28421E1D00158D13 /* MyPageViewController.swift in Sources */ = {isa = PBXBuildFile; fileRef = 14616C4A28421E1D00158D13 /* MyPageViewController.swift */; };
		14616C4D28421E2A00158D13 /* MyPageViewModel.swift in Sources */ = {isa = PBXBuildFile; fileRef = 14616C4C28421E2A00158D13 /* MyPageViewModel.swift */; };
		14616C4F28421E3C00158D13 /* MyPageNavigator.swift in Sources */ = {isa = PBXBuildFile; fileRef = 14616C4E28421E3C00158D13 /* MyPageNavigator.swift */; };
		14616C542842665400158D13 /* MyPage+RecordViewController.swift in Sources */ = {isa = PBXBuildFile; fileRef = 14616C532842665400158D13 /* MyPage+RecordViewController.swift */; };
		14616C562842667100158D13 /* MyPage+StatisticsViewController.swift in Sources */ = {isa = PBXBuildFile; fileRef = 14616C552842667100158D13 /* MyPage+StatisticsViewController.swift */; };
		14616C5828426DC200158D13 /* OuterScrollView.swift in Sources */ = {isa = PBXBuildFile; fileRef = 14616C5728426DC200158D13 /* OuterScrollView.swift */; };
		14616C5C2842898700158D13 /* Record.swift in Sources */ = {isa = PBXBuildFile; fileRef = 14616C5B2842898700158D13 /* Record.swift */; };
		14616C5E28428AE200158D13 /* RecordNetwork.swift in Sources */ = {isa = PBXBuildFile; fileRef = 14616C5D28428AE200158D13 /* RecordNetwork.swift */; };
		14616C6028428BB800158D13 /* RecordRepository.swift in Sources */ = {isa = PBXBuildFile; fileRef = 14616C5F28428BB800158D13 /* RecordRepository.swift */; };
		14616C6228428CCA00158D13 /* RecordUseCase.swift in Sources */ = {isa = PBXBuildFile; fileRef = 14616C6128428CCA00158D13 /* RecordUseCase.swift */; };
		14616C6428428D5200158D13 /* MyPage+RecordViewModel.swift in Sources */ = {isa = PBXBuildFile; fileRef = 14616C6328428D5200158D13 /* MyPage+RecordViewModel.swift */; };
		14616C6728428F3B00158D13 /* RecordTableViewCell.swift in Sources */ = {isa = PBXBuildFile; fileRef = 14616C6628428F3B00158D13 /* RecordTableViewCell.swift */; };
		14616C692843C22E00158D13 /* UITableView+Ext.swift in Sources */ = {isa = PBXBuildFile; fileRef = 14616C682843C22E00158D13 /* UITableView+Ext.swift */; };
		14616C6B2844663C00158D13 /* NSMutableAttributedString+Ext.swift in Sources */ = {isa = PBXBuildFile; fileRef = 14616C6A2844663C00158D13 /* NSMutableAttributedString+Ext.swift */; };
		14616C6F284605D500158D13 /* Group.swift in Sources */ = {isa = PBXBuildFile; fileRef = 14616C6E284605D500158D13 /* Group.swift */; };
		14616C7128460CDF00158D13 /* PaddingLabel.swift in Sources */ = {isa = PBXBuildFile; fileRef = 14616C7028460CDF00158D13 /* PaddingLabel.swift */; };
		14616C7328462F2500158D13 /* RecordStatistics.swift in Sources */ = {isa = PBXBuildFile; fileRef = 14616C7228462F2500158D13 /* RecordStatistics.swift */; };
		14616C79284631E600158D13 /* RecordStatisticsNetwork.swift in Sources */ = {isa = PBXBuildFile; fileRef = 14616C78284631E600158D13 /* RecordStatisticsNetwork.swift */; };
		14616C7B2846343E00158D13 /* MyPage+StatisticsViewModel.swift in Sources */ = {isa = PBXBuildFile; fileRef = 14616C7A2846343E00158D13 /* MyPage+StatisticsViewModel.swift */; };
		14616C7E28463B3900158D13 /* TotalStatisticsView.swift in Sources */ = {isa = PBXBuildFile; fileRef = 14616C7D28463B3900158D13 /* TotalStatisticsView.swift */; };
		14616C802846895600158D13 /* YearMonthPicker.swift in Sources */ = {isa = PBXBuildFile; fileRef = 14616C7F2846895500158D13 /* YearMonthPicker.swift */; };
		14616C82284722F900158D13 /* CompareBarView.swift in Sources */ = {isa = PBXBuildFile; fileRef = 14616C81284722F900158D13 /* CompareBarView.swift */; };
		14616C8428475D1400158D13 /* SelectedStatisticsView.swift in Sources */ = {isa = PBXBuildFile; fileRef = 14616C8328475D1400158D13 /* SelectedStatisticsView.swift */; };
		14616C862848D92500158D13 /* YearMonthSelectPanelViewController.swift in Sources */ = {isa = PBXBuildFile; fileRef = 14616C852848D92500158D13 /* YearMonthSelectPanelViewController.swift */; };
		14616C882848DA6400158D13 /* MyPage+StatisticsNavigator.swift in Sources */ = {isa = PBXBuildFile; fileRef = 14616C872848DA6400158D13 /* MyPage+StatisticsNavigator.swift */; };
		14616C8A2848DD7E00158D13 /* FullScreenMapViewController.swift in Sources */ = {isa = PBXBuildFile; fileRef = 14616C892848DD7E00158D13 /* FullScreenMapViewController.swift */; };
		147027062824180900059328 /* HomeViewController.swift in Sources */ = {isa = PBXBuildFile; fileRef = 147027052824180900059328 /* HomeViewController.swift */; };
		147027092824182900059328 /* UINavigationController+Ext.swift in Sources */ = {isa = PBXBuildFile; fileRef = 147027082824182900059328 /* UINavigationController+Ext.swift */; };
		1470270D282419EF00059328 /* Image.xcassets in Resources */ = {isa = PBXBuildFile; fileRef = 1470270C282419EF00059328 /* Image.xcassets */; };
		1470271128241B6B00059328 /* Assets.swift in Sources */ = {isa = PBXBuildFile; fileRef = 1470271028241B6B00059328 /* Assets.swift */; };
		1470271328241CA700059328 /* UIImage+Ext.swift in Sources */ = {isa = PBXBuildFile; fileRef = 1470271228241CA700059328 /* UIImage+Ext.swift */; };
		1470271528241D8500059328 /* Color.xcassets in Resources */ = {isa = PBXBuildFile; fileRef = 1470271428241D8500059328 /* Color.xcassets */; };
		14702719282427B000059328 /* UINavigationItem+Ext.swift in Sources */ = {isa = PBXBuildFile; fileRef = 14702718282427B000059328 /* UINavigationItem+Ext.swift */; };
		1470271B28242C0100059328 /* BasePanelViewController.swift in Sources */ = {isa = PBXBuildFile; fileRef = 1470271A28242C0100059328 /* BasePanelViewController.swift */; };
		1470271D28242C8500059328 /* ViewModelType.swift in Sources */ = {isa = PBXBuildFile; fileRef = 1470271C28242C8500059328 /* ViewModelType.swift */; };
		1470272028242CC800059328 /* HomeViewModel.swift in Sources */ = {isa = PBXBuildFile; fileRef = 1470271F28242CC800059328 /* HomeViewModel.swift */; };
		1470272228242E3C00059328 /* Network.swift in Sources */ = {isa = PBXBuildFile; fileRef = 1470272128242E3C00059328 /* Network.swift */; };
		1470272428242F5A00059328 /* NetworkProvider.swift in Sources */ = {isa = PBXBuildFile; fileRef = 1470272328242F5A00059328 /* NetworkProvider.swift */; };
		1470272828242FD500059328 /* UserNetwork.swift in Sources */ = {isa = PBXBuildFile; fileRef = 1470272728242FD500059328 /* UserNetwork.swift */; };
		1470272A2824302900059328 /* User.swift in Sources */ = {isa = PBXBuildFile; fileRef = 147027292824302900059328 /* User.swift */; };
		148007E9283358EB0075B30B /* UDKey.swift in Sources */ = {isa = PBXBuildFile; fileRef = 148007E8283358EB0075B30B /* UDKey.swift */; };
		148007EB28335BAD0075B30B /* ActivityIndicator.swift in Sources */ = {isa = PBXBuildFile; fileRef = 148007EA28335BAD0075B30B /* ActivityIndicator.swift */; };
		148007ED283387780075B30B /* LoadingIndicator.swift in Sources */ = {isa = PBXBuildFile; fileRef = 148007EC283387780075B30B /* LoadingIndicator.swift */; };
		148007EF28338D040075B30B /* UIColor+Ext.swift in Sources */ = {isa = PBXBuildFile; fileRef = 148007EE28338D040075B30B /* UIColor+Ext.swift */; };
		148007F12833A2610075B30B /* SignUpNavigator.swift in Sources */ = {isa = PBXBuildFile; fileRef = 148007F02833A2610075B30B /* SignUpNavigator.swift */; };
		148C4BFE282E6428004ED112 /* UIViewController+Ext.swift in Sources */ = {isa = PBXBuildFile; fileRef = 148C4BFD282E6428004ED112 /* UIViewController+Ext.swift */; };
		148C4C01282E6593004ED112 /* RecordViewController.swift in Sources */ = {isa = PBXBuildFile; fileRef = 148C4C00282E6593004ED112 /* RecordViewController.swift */; };
		148C4C25282F9457004ED112 /* Font+Ext.swift in Sources */ = {isa = PBXBuildFile; fileRef = 148C4C24282F9457004ED112 /* Font+Ext.swift */; };
		148C4C2F282F9671004ED112 /* UIButton+Ext.swift in Sources */ = {isa = PBXBuildFile; fileRef = 148C4C2E282F9671004ED112 /* UIButton+Ext.swift */; };
		148C4C31282F969C004ED112 /* UIView+Ext.swift in Sources */ = {isa = PBXBuildFile; fileRef = 148C4C30282F969C004ED112 /* UIView+Ext.swift */; };
		148C4C3F282FA58E004ED112 /* Date+Ext.swift in Sources */ = {isa = PBXBuildFile; fileRef = 148C4C3E282FA58E004ED112 /* Date+Ext.swift */; };
		148C4C41282FA6CF004ED112 /* HomeNavigator.swift in Sources */ = {isa = PBXBuildFile; fileRef = 148C4C40282FA6CF004ED112 /* HomeNavigator.swift */; };
		148C4C45282FAF9E004ED112 /* RecordViewModel.swift in Sources */ = {isa = PBXBuildFile; fileRef = 148C4C44282FAF9E004ED112 /* RecordViewModel.swift */; };
		148C4C48282FAFDC004ED112 /* RecordNavigator.swift in Sources */ = {isa = PBXBuildFile; fileRef = 148C4C47282FAFDC004ED112 /* RecordNavigator.swift */; };
		148C4C4D28314A86004ED112 /* NanumSquareRoundOTFEB.otf in Resources */ = {isa = PBXBuildFile; fileRef = 148C4C4928314A86004ED112 /* NanumSquareRoundOTFEB.otf */; };
		148C4C4E28314A86004ED112 /* NanumSquareRoundOTFR.otf in Resources */ = {isa = PBXBuildFile; fileRef = 148C4C4A28314A86004ED112 /* NanumSquareRoundOTFR.otf */; };
		148C4C4F28314A86004ED112 /* NanumSquareRoundOTFB.otf in Resources */ = {isa = PBXBuildFile; fileRef = 148C4C4B28314A86004ED112 /* NanumSquareRoundOTFB.otf */; };
		148C4C5028314A86004ED112 /* NanumSquareRoundOTFL.otf in Resources */ = {isa = PBXBuildFile; fileRef = 148C4C4C28314A86004ED112 /* NanumSquareRoundOTFL.otf */; };
		148C4C52283151D8004ED112 /* UserManager.swift in Sources */ = {isa = PBXBuildFile; fileRef = 148C4C51283151D8004ED112 /* UserManager.swift */; };
		148C4C542831533B004ED112 /* CGFloat+Ext.swift in Sources */ = {isa = PBXBuildFile; fileRef = 148C4C532831533B004ED112 /* CGFloat+Ext.swift */; };
		148C4C5728315F3D004ED112 /* SignUpViewController.swift in Sources */ = {isa = PBXBuildFile; fileRef = 148C4C5628315F3D004ED112 /* SignUpViewController.swift */; };
		148C4C5928315F61004ED112 /* SignUpViewModel.swift in Sources */ = {isa = PBXBuildFile; fileRef = 148C4C5828315F61004ED112 /* SignUpViewModel.swift */; };
		14ACD353282BB16C004D724A /* SignInViewController.swift in Sources */ = {isa = PBXBuildFile; fileRef = 14ACD352282BB16C004D724A /* SignInViewController.swift */; };
		14ACD357282BB855004D724A /* UserRepository.swift in Sources */ = {isa = PBXBuildFile; fileRef = 14ACD356282BB855004D724A /* UserRepository.swift */; };
		14ACD359282BBA4A004D724A /* UserUseCase.swift in Sources */ = {isa = PBXBuildFile; fileRef = 14ACD358282BBA4A004D724A /* UserUseCase.swift */; };
		14ACD363282BC372004D724A /* SignInViewModel.swift in Sources */ = {isa = PBXBuildFile; fileRef = 14ACD362282BC372004D724A /* SignInViewModel.swift */; };
		14ACD365282BC61F004D724A /* SignInNavigator.swift in Sources */ = {isa = PBXBuildFile; fileRef = 14ACD364282BC61F004D724A /* SignInNavigator.swift */; };
		14ACD367282BC6C8004D724A /* AuthNetwork.swift in Sources */ = {isa = PBXBuildFile; fileRef = 14ACD366282BC6C8004D724A /* AuthNetwork.swift */; };
		14ACD369282BC709004D724A /* Auth.swift in Sources */ = {isa = PBXBuildFile; fileRef = 14ACD368282BC709004D724A /* Auth.swift */; };
		14ACD36B282BC7E1004D724A /* AuthRepository.swift in Sources */ = {isa = PBXBuildFile; fileRef = 14ACD36A282BC7E1004D724A /* AuthRepository.swift */; };
		14ACD36D282BC843004D724A /* AuthUseCase.swift in Sources */ = {isa = PBXBuildFile; fileRef = 14ACD36C282BC843004D724A /* AuthUseCase.swift */; };
		14C9514C2825098700E22336 /* AppleSignInManager.swift in Sources */ = {isa = PBXBuildFile; fileRef = 14C9514B2825098700E22336 /* AppleSignInManager.swift */; };
		14C9514F2825106B00E22336 /* RecordManager.swift in Sources */ = {isa = PBXBuildFile; fileRef = 14C9514E2825106B00E22336 /* RecordManager.swift */; };
		14CD7DAC282414C200BB83C9 /* AppDelegate.swift in Sources */ = {isa = PBXBuildFile; fileRef = 14CD7DAB282414C200BB83C9 /* AppDelegate.swift */; };
		14CD7DAE282414C200BB83C9 /* SceneDelegate.swift in Sources */ = {isa = PBXBuildFile; fileRef = 14CD7DAD282414C200BB83C9 /* SceneDelegate.swift */; };
		14CD7DB5282414C300BB83C9 /* Assets.xcassets in Resources */ = {isa = PBXBuildFile; fileRef = 14CD7DB4282414C300BB83C9 /* Assets.xcassets */; };
		14CD7DB8282414C300BB83C9 /* LaunchScreen.storyboard in Resources */ = {isa = PBXBuildFile; fileRef = 14CD7DB6282414C300BB83C9 /* LaunchScreen.storyboard */; };
		14CD7DC9282415CD00BB83C9 /* BaseViewController.swift in Sources */ = {isa = PBXBuildFile; fileRef = 14CD7DC8282415CD00BB83C9 /* BaseViewController.swift */; };
		767456824D416ECFC6F93C1E /* Pods_RunningMate.framework in Frameworks */ = {isa = PBXBuildFile; fileRef = 4CD35F9053B9A658D0E02DC6 /* Pods_RunningMate.framework */; };
/* End PBXBuildFile section */

/* Begin PBXFileReference section */
		14616C3D283D14E500158D13 /* RecordStartViewController.swift */ = {isa = PBXFileReference; lastKnownFileType = sourcecode.swift; path = RecordStartViewController.swift; sourceTree = "<group>"; };
		14616C3F283D412B00158D13 /* UIStackView+Ext.swift */ = {isa = PBXFileReference; lastKnownFileType = sourcecode.swift; path = "UIStackView+Ext.swift"; sourceTree = "<group>"; };
		14616C41283E945D00158D13 /* HealthKit.framework */ = {isa = PBXFileReference; lastKnownFileType = wrapper.framework; name = HealthKit.framework; path = System/Library/Frameworks/HealthKit.framework; sourceTree = SDKROOT; };
		14616C45284218F000158D13 /* BasePopupViewController.swift */ = {isa = PBXFileReference; lastKnownFileType = sourcecode.swift; path = BasePopupViewController.swift; sourceTree = "<group>"; };
		14616C4728421A9400158D13 /* RecordFinishPopupViewController.swift */ = {isa = PBXFileReference; lastKnownFileType = sourcecode.swift; path = RecordFinishPopupViewController.swift; sourceTree = "<group>"; };
		14616C4A28421E1D00158D13 /* MyPageViewController.swift */ = {isa = PBXFileReference; lastKnownFileType = sourcecode.swift; path = MyPageViewController.swift; sourceTree = "<group>"; };
		14616C4C28421E2A00158D13 /* MyPageViewModel.swift */ = {isa = PBXFileReference; lastKnownFileType = sourcecode.swift; path = MyPageViewModel.swift; sourceTree = "<group>"; };
		14616C4E28421E3C00158D13 /* MyPageNavigator.swift */ = {isa = PBXFileReference; lastKnownFileType = sourcecode.swift; path = MyPageNavigator.swift; sourceTree = "<group>"; };
		14616C532842665400158D13 /* MyPage+RecordViewController.swift */ = {isa = PBXFileReference; lastKnownFileType = sourcecode.swift; path = "MyPage+RecordViewController.swift"; sourceTree = "<group>"; };
		14616C552842667100158D13 /* MyPage+StatisticsViewController.swift */ = {isa = PBXFileReference; lastKnownFileType = sourcecode.swift; path = "MyPage+StatisticsViewController.swift"; sourceTree = "<group>"; };
		14616C5728426DC200158D13 /* OuterScrollView.swift */ = {isa = PBXFileReference; lastKnownFileType = sourcecode.swift; path = OuterScrollView.swift; sourceTree = "<group>"; };
		14616C5B2842898700158D13 /* Record.swift */ = {isa = PBXFileReference; lastKnownFileType = sourcecode.swift; path = Record.swift; sourceTree = "<group>"; };
		14616C5D28428AE200158D13 /* RecordNetwork.swift */ = {isa = PBXFileReference; lastKnownFileType = sourcecode.swift; path = RecordNetwork.swift; sourceTree = "<group>"; };
		14616C5F28428BB800158D13 /* RecordRepository.swift */ = {isa = PBXFileReference; lastKnownFileType = sourcecode.swift; path = RecordRepository.swift; sourceTree = "<group>"; };
		14616C6128428CCA00158D13 /* RecordUseCase.swift */ = {isa = PBXFileReference; lastKnownFileType = sourcecode.swift; path = RecordUseCase.swift; sourceTree = "<group>"; };
		14616C6328428D5200158D13 /* MyPage+RecordViewModel.swift */ = {isa = PBXFileReference; lastKnownFileType = sourcecode.swift; path = "MyPage+RecordViewModel.swift"; sourceTree = "<group>"; };
		14616C6628428F3B00158D13 /* RecordTableViewCell.swift */ = {isa = PBXFileReference; lastKnownFileType = sourcecode.swift; path = RecordTableViewCell.swift; sourceTree = "<group>"; };
		14616C682843C22E00158D13 /* UITableView+Ext.swift */ = {isa = PBXFileReference; lastKnownFileType = sourcecode.swift; path = "UITableView+Ext.swift"; sourceTree = "<group>"; };
		14616C6A2844663C00158D13 /* NSMutableAttributedString+Ext.swift */ = {isa = PBXFileReference; lastKnownFileType = sourcecode.swift; path = "NSMutableAttributedString+Ext.swift"; sourceTree = "<group>"; };
		14616C6E284605D500158D13 /* Group.swift */ = {isa = PBXFileReference; lastKnownFileType = sourcecode.swift; path = Group.swift; sourceTree = "<group>"; };
		14616C7028460CDF00158D13 /* PaddingLabel.swift */ = {isa = PBXFileReference; lastKnownFileType = sourcecode.swift; path = PaddingLabel.swift; sourceTree = "<group>"; };
		14616C7228462F2500158D13 /* RecordStatistics.swift */ = {isa = PBXFileReference; lastKnownFileType = sourcecode.swift; path = RecordStatistics.swift; sourceTree = "<group>"; };
		14616C78284631E600158D13 /* RecordStatisticsNetwork.swift */ = {isa = PBXFileReference; lastKnownFileType = sourcecode.swift; path = RecordStatisticsNetwork.swift; sourceTree = "<group>"; };
		14616C7A2846343E00158D13 /* MyPage+StatisticsViewModel.swift */ = {isa = PBXFileReference; lastKnownFileType = sourcecode.swift; path = "MyPage+StatisticsViewModel.swift"; sourceTree = "<group>"; };
		14616C7D28463B3900158D13 /* TotalStatisticsView.swift */ = {isa = PBXFileReference; lastKnownFileType = sourcecode.swift; path = TotalStatisticsView.swift; sourceTree = "<group>"; };
		14616C7F2846895500158D13 /* YearMonthPicker.swift */ = {isa = PBXFileReference; lastKnownFileType = sourcecode.swift; path = YearMonthPicker.swift; sourceTree = "<group>"; };
		14616C81284722F900158D13 /* CompareBarView.swift */ = {isa = PBXFileReference; lastKnownFileType = sourcecode.swift; path = CompareBarView.swift; sourceTree = "<group>"; };
		14616C8328475D1400158D13 /* SelectedStatisticsView.swift */ = {isa = PBXFileReference; lastKnownFileType = sourcecode.swift; path = SelectedStatisticsView.swift; sourceTree = "<group>"; };
		14616C852848D92500158D13 /* YearMonthSelectPanelViewController.swift */ = {isa = PBXFileReference; lastKnownFileType = sourcecode.swift; path = YearMonthSelectPanelViewController.swift; sourceTree = "<group>"; };
		14616C872848DA6400158D13 /* MyPage+StatisticsNavigator.swift */ = {isa = PBXFileReference; lastKnownFileType = sourcecode.swift; path = "MyPage+StatisticsNavigator.swift"; sourceTree = "<group>"; };
		14616C892848DD7E00158D13 /* FullScreenMapViewController.swift */ = {isa = PBXFileReference; lastKnownFileType = sourcecode.swift; path = FullScreenMapViewController.swift; sourceTree = "<group>"; };
		147027052824180900059328 /* HomeViewController.swift */ = {isa = PBXFileReference; lastKnownFileType = sourcecode.swift; path = HomeViewController.swift; sourceTree = "<group>"; };
		147027082824182900059328 /* UINavigationController+Ext.swift */ = {isa = PBXFileReference; lastKnownFileType = sourcecode.swift; path = "UINavigationController+Ext.swift"; sourceTree = "<group>"; };
		1470270C282419EF00059328 /* Image.xcassets */ = {isa = PBXFileReference; lastKnownFileType = folder.assetcatalog; path = Image.xcassets; sourceTree = "<group>"; };
		1470271028241B6B00059328 /* Assets.swift */ = {isa = PBXFileReference; lastKnownFileType = sourcecode.swift; path = Assets.swift; sourceTree = "<group>"; };
		1470271228241CA700059328 /* UIImage+Ext.swift */ = {isa = PBXFileReference; lastKnownFileType = sourcecode.swift; path = "UIImage+Ext.swift"; sourceTree = "<group>"; };
		1470271428241D8500059328 /* Color.xcassets */ = {isa = PBXFileReference; lastKnownFileType = folder.assetcatalog; path = Color.xcassets; sourceTree = "<group>"; };
		14702718282427B000059328 /* UINavigationItem+Ext.swift */ = {isa = PBXFileReference; lastKnownFileType = sourcecode.swift; path = "UINavigationItem+Ext.swift"; sourceTree = "<group>"; };
		1470271A28242C0100059328 /* BasePanelViewController.swift */ = {isa = PBXFileReference; lastKnownFileType = sourcecode.swift; path = BasePanelViewController.swift; sourceTree = "<group>"; };
		1470271C28242C8500059328 /* ViewModelType.swift */ = {isa = PBXFileReference; lastKnownFileType = sourcecode.swift; path = ViewModelType.swift; sourceTree = "<group>"; };
		1470271F28242CC800059328 /* HomeViewModel.swift */ = {isa = PBXFileReference; lastKnownFileType = sourcecode.swift; path = HomeViewModel.swift; sourceTree = "<group>"; };
		1470272128242E3C00059328 /* Network.swift */ = {isa = PBXFileReference; lastKnownFileType = sourcecode.swift; path = Network.swift; sourceTree = "<group>"; };
		1470272328242F5A00059328 /* NetworkProvider.swift */ = {isa = PBXFileReference; lastKnownFileType = sourcecode.swift; path = NetworkProvider.swift; sourceTree = "<group>"; };
		1470272728242FD500059328 /* UserNetwork.swift */ = {isa = PBXFileReference; lastKnownFileType = sourcecode.swift; path = UserNetwork.swift; sourceTree = "<group>"; };
		147027292824302900059328 /* User.swift */ = {isa = PBXFileReference; lastKnownFileType = sourcecode.swift; path = User.swift; sourceTree = "<group>"; };
		148007E8283358EB0075B30B /* UDKey.swift */ = {isa = PBXFileReference; lastKnownFileType = sourcecode.swift; path = UDKey.swift; sourceTree = "<group>"; };
		148007EA28335BAD0075B30B /* ActivityIndicator.swift */ = {isa = PBXFileReference; lastKnownFileType = sourcecode.swift; path = ActivityIndicator.swift; sourceTree = "<group>"; };
		148007EC283387780075B30B /* LoadingIndicator.swift */ = {isa = PBXFileReference; lastKnownFileType = sourcecode.swift; path = LoadingIndicator.swift; sourceTree = "<group>"; };
		148007EE28338D040075B30B /* UIColor+Ext.swift */ = {isa = PBXFileReference; lastKnownFileType = sourcecode.swift; path = "UIColor+Ext.swift"; sourceTree = "<group>"; };
		148007F02833A2610075B30B /* SignUpNavigator.swift */ = {isa = PBXFileReference; lastKnownFileType = sourcecode.swift; path = SignUpNavigator.swift; sourceTree = "<group>"; };
		148C4BFD282E6428004ED112 /* UIViewController+Ext.swift */ = {isa = PBXFileReference; lastKnownFileType = sourcecode.swift; path = "UIViewController+Ext.swift"; sourceTree = "<group>"; };
		148C4C00282E6593004ED112 /* RecordViewController.swift */ = {isa = PBXFileReference; lastKnownFileType = sourcecode.swift; path = RecordViewController.swift; sourceTree = "<group>"; };
		148C4C24282F9457004ED112 /* Font+Ext.swift */ = {isa = PBXFileReference; lastKnownFileType = sourcecode.swift; path = "Font+Ext.swift"; sourceTree = "<group>"; };
		148C4C2E282F9671004ED112 /* UIButton+Ext.swift */ = {isa = PBXFileReference; lastKnownFileType = sourcecode.swift; path = "UIButton+Ext.swift"; sourceTree = "<group>"; };
		148C4C30282F969C004ED112 /* UIView+Ext.swift */ = {isa = PBXFileReference; lastKnownFileType = sourcecode.swift; path = "UIView+Ext.swift"; sourceTree = "<group>"; };
		148C4C3E282FA58E004ED112 /* Date+Ext.swift */ = {isa = PBXFileReference; lastKnownFileType = sourcecode.swift; path = "Date+Ext.swift"; sourceTree = "<group>"; };
		148C4C40282FA6CF004ED112 /* HomeNavigator.swift */ = {isa = PBXFileReference; lastKnownFileType = sourcecode.swift; path = HomeNavigator.swift; sourceTree = "<group>"; };
		148C4C44282FAF9E004ED112 /* RecordViewModel.swift */ = {isa = PBXFileReference; lastKnownFileType = sourcecode.swift; path = RecordViewModel.swift; sourceTree = "<group>"; };
		148C4C47282FAFDC004ED112 /* RecordNavigator.swift */ = {isa = PBXFileReference; lastKnownFileType = sourcecode.swift; path = RecordNavigator.swift; sourceTree = "<group>"; };
		148C4C4928314A86004ED112 /* NanumSquareRoundOTFEB.otf */ = {isa = PBXFileReference; lastKnownFileType = file; path = NanumSquareRoundOTFEB.otf; sourceTree = "<group>"; };
		148C4C4A28314A86004ED112 /* NanumSquareRoundOTFR.otf */ = {isa = PBXFileReference; lastKnownFileType = file; path = NanumSquareRoundOTFR.otf; sourceTree = "<group>"; };
		148C4C4B28314A86004ED112 /* NanumSquareRoundOTFB.otf */ = {isa = PBXFileReference; lastKnownFileType = file; path = NanumSquareRoundOTFB.otf; sourceTree = "<group>"; };
		148C4C4C28314A86004ED112 /* NanumSquareRoundOTFL.otf */ = {isa = PBXFileReference; lastKnownFileType = file; path = NanumSquareRoundOTFL.otf; sourceTree = "<group>"; };
		148C4C51283151D8004ED112 /* UserManager.swift */ = {isa = PBXFileReference; lastKnownFileType = sourcecode.swift; path = UserManager.swift; sourceTree = "<group>"; };
		148C4C532831533B004ED112 /* CGFloat+Ext.swift */ = {isa = PBXFileReference; lastKnownFileType = sourcecode.swift; path = "CGFloat+Ext.swift"; sourceTree = "<group>"; };
		148C4C5628315F3D004ED112 /* SignUpViewController.swift */ = {isa = PBXFileReference; lastKnownFileType = sourcecode.swift; path = SignUpViewController.swift; sourceTree = "<group>"; };
		148C4C5828315F61004ED112 /* SignUpViewModel.swift */ = {isa = PBXFileReference; lastKnownFileType = sourcecode.swift; path = SignUpViewModel.swift; sourceTree = "<group>"; };
		14ACD350282BB0CA004D724A /* RunningMate.entitlements */ = {isa = PBXFileReference; lastKnownFileType = text.plist.entitlements; path = RunningMate.entitlements; sourceTree = "<group>"; };
		14ACD352282BB16C004D724A /* SignInViewController.swift */ = {isa = PBXFileReference; lastKnownFileType = sourcecode.swift; path = SignInViewController.swift; sourceTree = "<group>"; };
		14ACD356282BB855004D724A /* UserRepository.swift */ = {isa = PBXFileReference; lastKnownFileType = sourcecode.swift; path = UserRepository.swift; sourceTree = "<group>"; };
		14ACD358282BBA4A004D724A /* UserUseCase.swift */ = {isa = PBXFileReference; lastKnownFileType = sourcecode.swift; path = UserUseCase.swift; sourceTree = "<group>"; };
		14ACD362282BC372004D724A /* SignInViewModel.swift */ = {isa = PBXFileReference; lastKnownFileType = sourcecode.swift; path = SignInViewModel.swift; sourceTree = "<group>"; };
		14ACD364282BC61F004D724A /* SignInNavigator.swift */ = {isa = PBXFileReference; lastKnownFileType = sourcecode.swift; path = SignInNavigator.swift; sourceTree = "<group>"; };
		14ACD366282BC6C8004D724A /* AuthNetwork.swift */ = {isa = PBXFileReference; lastKnownFileType = sourcecode.swift; path = AuthNetwork.swift; sourceTree = "<group>"; };
		14ACD368282BC709004D724A /* Auth.swift */ = {isa = PBXFileReference; lastKnownFileType = sourcecode.swift; path = Auth.swift; sourceTree = "<group>"; };
		14ACD36A282BC7E1004D724A /* AuthRepository.swift */ = {isa = PBXFileReference; lastKnownFileType = sourcecode.swift; path = AuthRepository.swift; sourceTree = "<group>"; };
		14ACD36C282BC843004D724A /* AuthUseCase.swift */ = {isa = PBXFileReference; lastKnownFileType = sourcecode.swift; path = AuthUseCase.swift; sourceTree = "<group>"; };
		14C9514B2825098700E22336 /* AppleSignInManager.swift */ = {isa = PBXFileReference; lastKnownFileType = sourcecode.swift; path = AppleSignInManager.swift; sourceTree = "<group>"; };
		14C9514E2825106B00E22336 /* RecordManager.swift */ = {isa = PBXFileReference; lastKnownFileType = sourcecode.swift; path = RecordManager.swift; sourceTree = "<group>"; };
		14CD7DA8282414C200BB83C9 /* RunningMate.app */ = {isa = PBXFileReference; explicitFileType = wrapper.application; includeInIndex = 0; path = RunningMate.app; sourceTree = BUILT_PRODUCTS_DIR; };
		14CD7DAB282414C200BB83C9 /* AppDelegate.swift */ = {isa = PBXFileReference; lastKnownFileType = sourcecode.swift; path = AppDelegate.swift; sourceTree = "<group>"; };
		14CD7DAD282414C200BB83C9 /* SceneDelegate.swift */ = {isa = PBXFileReference; lastKnownFileType = sourcecode.swift; path = SceneDelegate.swift; sourceTree = "<group>"; };
		14CD7DB4282414C300BB83C9 /* Assets.xcassets */ = {isa = PBXFileReference; lastKnownFileType = folder.assetcatalog; path = Assets.xcassets; sourceTree = "<group>"; };
		14CD7DB7282414C300BB83C9 /* Base */ = {isa = PBXFileReference; lastKnownFileType = file.storyboard; name = Base; path = Base.lproj/LaunchScreen.storyboard; sourceTree = "<group>"; };
		14CD7DB9282414C300BB83C9 /* Info.plist */ = {isa = PBXFileReference; lastKnownFileType = text.plist.xml; path = Info.plist; sourceTree = "<group>"; };
		14CD7DC8282415CD00BB83C9 /* BaseViewController.swift */ = {isa = PBXFileReference; lastKnownFileType = sourcecode.swift; path = BaseViewController.swift; sourceTree = "<group>"; };
		4CD35F9053B9A658D0E02DC6 /* Pods_RunningMate.framework */ = {isa = PBXFileReference; explicitFileType = wrapper.framework; includeInIndex = 0; path = Pods_RunningMate.framework; sourceTree = BUILT_PRODUCTS_DIR; };
		9606E5726500C2792FBBCDDE /* Pods-RunningMate.release.xcconfig */ = {isa = PBXFileReference; includeInIndex = 1; lastKnownFileType = text.xcconfig; name = "Pods-RunningMate.release.xcconfig"; path = "Target Support Files/Pods-RunningMate/Pods-RunningMate.release.xcconfig"; sourceTree = "<group>"; };
		CDCC4CADF7C7AAB7559897A7 /* Pods-RunningMate.debug.xcconfig */ = {isa = PBXFileReference; includeInIndex = 1; lastKnownFileType = text.xcconfig; name = "Pods-RunningMate.debug.xcconfig"; path = "Target Support Files/Pods-RunningMate/Pods-RunningMate.debug.xcconfig"; sourceTree = "<group>"; };
/* End PBXFileReference section */

/* Begin PBXFrameworksBuildPhase section */
		14CD7DA5282414C200BB83C9 /* Frameworks */ = {
			isa = PBXFrameworksBuildPhase;
			buildActionMask = 2147483647;
			files = (
				767456824D416ECFC6F93C1E /* Pods_RunningMate.framework in Frameworks */,
				14616C42283E945D00158D13 /* HealthKit.framework in Frameworks */,
			);
			runOnlyForDeploymentPostprocessing = 0;
		};
/* End PBXFrameworksBuildPhase section */

/* Begin PBXGroup section */
		14616C4928421E0B00158D13 /* MyPage */ = {
			isa = PBXGroup;
			children = (
				14616C7C28463B2900158D13 /* View */,
				14616C6528428F1900158D13 /* Cell */,
				14616C502842661700158D13 /* ViewController */,
				14616C512842661F00158D13 /* ViewModel */,
				14616C522842662800158D13 /* Navigator */,
			);
			path = MyPage;
			sourceTree = "<group>";
		};
		14616C502842661700158D13 /* ViewController */ = {
			isa = PBXGroup;
			children = (
				14616C4A28421E1D00158D13 /* MyPageViewController.swift */,
				14616C532842665400158D13 /* MyPage+RecordViewController.swift */,
				14616C552842667100158D13 /* MyPage+StatisticsViewController.swift */,
				14616C852848D92500158D13 /* YearMonthSelectPanelViewController.swift */,
			);
			path = ViewController;
			sourceTree = "<group>";
		};
		14616C512842661F00158D13 /* ViewModel */ = {
			isa = PBXGroup;
			children = (
				14616C4C28421E2A00158D13 /* MyPageViewModel.swift */,
				14616C6328428D5200158D13 /* MyPage+RecordViewModel.swift */,
				14616C7A2846343E00158D13 /* MyPage+StatisticsViewModel.swift */,
			);
			path = ViewModel;
			sourceTree = "<group>";
		};
		14616C522842662800158D13 /* Navigator */ = {
			isa = PBXGroup;
			children = (
				14616C4E28421E3C00158D13 /* MyPageNavigator.swift */,
				14616C872848DA6400158D13 /* MyPage+StatisticsNavigator.swift */,
			);
			path = Navigator;
			sourceTree = "<group>";
		};
		14616C6528428F1900158D13 /* Cell */ = {
			isa = PBXGroup;
			children = (
				14616C6628428F3B00158D13 /* RecordTableViewCell.swift */,
			);
			path = Cell;
			sourceTree = "<group>";
		};
		14616C7C28463B2900158D13 /* View */ = {
			isa = PBXGroup;
			children = (
				14616C7D28463B3900158D13 /* TotalStatisticsView.swift */,
				14616C8328475D1400158D13 /* SelectedStatisticsView.swift */,
				14616C81284722F900158D13 /* CompareBarView.swift */,
			);
			path = View;
			sourceTree = "<group>";
		};
		14702703282417F400059328 /* Home */ = {
			isa = PBXGroup;
			children = (
				14702704282417FE00059328 /* ViewController */,
				1470271E28242CBC00059328 /* ViewModel */,
				148C4C42282FA700004ED112 /* Navigator */,
			);
			path = Home;
			sourceTree = "<group>";
		};
		14702704282417FE00059328 /* ViewController */ = {
			isa = PBXGroup;
			children = (
				147027052824180900059328 /* HomeViewController.swift */,
				14616C3D283D14E500158D13 /* RecordStartViewController.swift */,
			);
			path = ViewController;
			sourceTree = "<group>";
		};
		147027072824181400059328 /* Utils */ = {
			isa = PBXGroup;
			children = (
				147027082824182900059328 /* UINavigationController+Ext.swift */,
				14702718282427B000059328 /* UINavigationItem+Ext.swift */,
				1470271228241CA700059328 /* UIImage+Ext.swift */,
				148C4BFD282E6428004ED112 /* UIViewController+Ext.swift */,
				148C4C2E282F9671004ED112 /* UIButton+Ext.swift */,
				148C4C30282F969C004ED112 /* UIView+Ext.swift */,
				148C4C3E282FA58E004ED112 /* Date+Ext.swift */,
				148C4C532831533B004ED112 /* CGFloat+Ext.swift */,
				148007EE28338D040075B30B /* UIColor+Ext.swift */,
				14616C3F283D412B00158D13 /* UIStackView+Ext.swift */,
				14616C5728426DC200158D13 /* OuterScrollView.swift */,
				14616C682843C22E00158D13 /* UITableView+Ext.swift */,
				14616C6A2844663C00158D13 /* NSMutableAttributedString+Ext.swift */,
				14616C7028460CDF00158D13 /* PaddingLabel.swift */,
				14616C7F2846895500158D13 /* YearMonthPicker.swift */,
			);
			path = Utils;
			sourceTree = "<group>";
		};
		1470270A2824186800059328 /* Source */ = {
			isa = PBXGroup;
			children = (
				14CD7DC12824158A00BB83C9 /* Data */,
				14CD7DC22824159000BB83C9 /* Domain */,
				14CD7DC02824158400BB83C9 /* Presentation */,
				14C9514D2825104800E22336 /* Utils */,
			);
			path = Source;
			sourceTree = "<group>";
		};
		1470270B2824186D00059328 /* Resource */ = {
			isa = PBXGroup;
			children = (
				148C4C13282F9382004ED112 /* Font */,
				1470270F28241B3400059328 /* Constant */,
				14CD7DB4282414C300BB83C9 /* Assets.xcassets */,
				1470270C282419EF00059328 /* Image.xcassets */,
				1470271428241D8500059328 /* Color.xcassets */,
				14CD7DB6282414C300BB83C9 /* LaunchScreen.storyboard */,
				1470270E28241AE400059328 /* Support */,
			);
			path = Resource;
			sourceTree = "<group>";
		};
		1470270E28241AE400059328 /* Support */ = {
			isa = PBXGroup;
			children = (
				14CD7DAB282414C200BB83C9 /* AppDelegate.swift */,
				14CD7DAD282414C200BB83C9 /* SceneDelegate.swift */,
				14CD7DB9282414C300BB83C9 /* Info.plist */,
			);
			path = Support;
			sourceTree = "<group>";
		};
		1470270F28241B3400059328 /* Constant */ = {
			isa = PBXGroup;
			children = (
				1470271028241B6B00059328 /* Assets.swift */,
				148007E8283358EB0075B30B /* UDKey.swift */,
			);
			path = Constant;
			sourceTree = "<group>";
		};
		1470271E28242CBC00059328 /* ViewModel */ = {
			isa = PBXGroup;
			children = (
				1470271F28242CC800059328 /* HomeViewModel.swift */,
			);
			path = ViewModel;
			sourceTree = "<group>";
		};
		1470272528242FAC00059328 /* API */ = {
			isa = PBXGroup;
			children = (
				14ACD366282BC6C8004D724A /* AuthNetwork.swift */,
				1470272728242FD500059328 /* UserNetwork.swift */,
				14616C5D28428AE200158D13 /* RecordNetwork.swift */,
				14616C78284631E600158D13 /* RecordStatisticsNetwork.swift */,
			);
			path = API;
			sourceTree = "<group>";
		};
		148C4BFF282E6585004ED112 /* Record */ = {
			isa = PBXGroup;
			children = (
				148C4C02282E659B004ED112 /* ViewController */,
				148C4C43282FAF90004ED112 /* ViewModel */,
				148C4C46282FAFD2004ED112 /* Navigator */,
			);
			path = Record;
			sourceTree = "<group>";
		};
		148C4C02282E659B004ED112 /* ViewController */ = {
			isa = PBXGroup;
			children = (
				148C4C00282E6593004ED112 /* RecordViewController.swift */,
				14616C4728421A9400158D13 /* RecordFinishPopupViewController.swift */,
				14616C892848DD7E00158D13 /* FullScreenMapViewController.swift */,
			);
			path = ViewController;
			sourceTree = "<group>";
		};
		148C4C13282F9382004ED112 /* Font */ = {
			isa = PBXGroup;
			children = (
				148C4C4B28314A86004ED112 /* NanumSquareRoundOTFB.otf */,
				148C4C4928314A86004ED112 /* NanumSquareRoundOTFEB.otf */,
				148C4C4C28314A86004ED112 /* NanumSquareRoundOTFL.otf */,
				148C4C4A28314A86004ED112 /* NanumSquareRoundOTFR.otf */,
				148C4C24282F9457004ED112 /* Font+Ext.swift */,
			);
			path = Font;
			sourceTree = "<group>";
		};
		148C4C42282FA700004ED112 /* Navigator */ = {
			isa = PBXGroup;
			children = (
				148C4C40282FA6CF004ED112 /* HomeNavigator.swift */,
			);
			path = Navigator;
			sourceTree = "<group>";
		};
		148C4C43282FAF90004ED112 /* ViewModel */ = {
			isa = PBXGroup;
			children = (
				148C4C44282FAF9E004ED112 /* RecordViewModel.swift */,
			);
			path = ViewModel;
			sourceTree = "<group>";
		};
		148C4C46282FAFD2004ED112 /* Navigator */ = {
			isa = PBXGroup;
			children = (
				148C4C47282FAFDC004ED112 /* RecordNavigator.swift */,
			);
			path = Navigator;
			sourceTree = "<group>";
		};
		148C4C5528315F2A004ED112 /* SignUp */ = {
			isa = PBXGroup;
			children = (
				148C4C5628315F3D004ED112 /* SignUpViewController.swift */,
				148C4C5828315F61004ED112 /* SignUpViewModel.swift */,
				148007F02833A2610075B30B /* SignUpNavigator.swift */,
			);
			path = SignUp;
			sourceTree = "<group>";
		};
		14ACD351282BB158004D724A /* SignIn */ = {
			isa = PBXGroup;
			children = (
				14ACD352282BB16C004D724A /* SignInViewController.swift */,
				14ACD362282BC372004D724A /* SignInViewModel.swift */,
				14ACD364282BC61F004D724A /* SignInNavigator.swift */,
			);
			path = SignIn;
			sourceTree = "<group>";
		};
		14ACD35F282BC13A004D724A /* Model */ = {
			isa = PBXGroup;
			children = (
			);
			path = Model;
			sourceTree = "<group>";
		};
		14C9514D2825104800E22336 /* Utils */ = {
			isa = PBXGroup;
			children = (
				14C9514B2825098700E22336 /* AppleSignInManager.swift */,
				14C9514E2825106B00E22336 /* RecordManager.swift */,
				148C4C51283151D8004ED112 /* UserManager.swift */,
				148007EA28335BAD0075B30B /* ActivityIndicator.swift */,
				148007EC283387780075B30B /* LoadingIndicator.swift */,
			);
			path = Utils;
			sourceTree = "<group>";
		};
		14CD7D9F282414C200BB83C9 = {
			isa = PBXGroup;
			children = (
				14CD7DAA282414C200BB83C9 /* RunningMate */,
				14CD7DA9282414C200BB83C9 /* Products */,
				2D53525E27ED339E29F68030 /* Pods */,
				EBC811AD6C28CBCAAEAF77C9 /* Frameworks */,
			);
			sourceTree = "<group>";
		};
		14CD7DA9282414C200BB83C9 /* Products */ = {
			isa = PBXGroup;
			children = (
				14CD7DA8282414C200BB83C9 /* RunningMate.app */,
			);
			name = Products;
			sourceTree = "<group>";
		};
		14CD7DAA282414C200BB83C9 /* RunningMate */ = {
			isa = PBXGroup;
			children = (
				14ACD350282BB0CA004D724A /* RunningMate.entitlements */,
				1470270A2824186800059328 /* Source */,
				1470270B2824186D00059328 /* Resource */,
			);
			path = RunningMate;
			sourceTree = "<group>";
		};
		14CD7DC02824158400BB83C9 /* Presentation */ = {
			isa = PBXGroup;
			children = (
				14CD7DC7282415C300BB83C9 /* Base */,
				14ACD351282BB158004D724A /* SignIn */,
				148C4C5528315F2A004ED112 /* SignUp */,
				14702703282417F400059328 /* Home */,
				148C4BFF282E6585004ED112 /* Record */,
				14616C4928421E0B00158D13 /* MyPage */,
				147027072824181400059328 /* Utils */,
			);
			path = Presentation;
			sourceTree = "<group>";
		};
		14CD7DC12824158A00BB83C9 /* Data */ = {
			isa = PBXGroup;
			children = (
				14CD7DC32824159700BB83C9 /* Network */,
				1470272528242FAC00059328 /* API */,
				14ACD35F282BC13A004D724A /* Model */,
			);
			path = Data;
			sourceTree = "<group>";
		};
		14CD7DC22824159000BB83C9 /* Domain */ = {
			isa = PBXGroup;
			children = (
				14CD7DC42824159B00BB83C9 /* Entity */,
				14CD7DC5282415A300BB83C9 /* Repository */,
				14CD7DC6282415A800BB83C9 /* UseCase */,
			);
			path = Domain;
			sourceTree = "<group>";
		};
		14CD7DC32824159700BB83C9 /* Network */ = {
			isa = PBXGroup;
			children = (
				1470272128242E3C00059328 /* Network.swift */,
				1470272328242F5A00059328 /* NetworkProvider.swift */,
			);
			path = Network;
			sourceTree = "<group>";
		};
		14CD7DC42824159B00BB83C9 /* Entity */ = {
			isa = PBXGroup;
			children = (
				14ACD368282BC709004D724A /* Auth.swift */,
				147027292824302900059328 /* User.swift */,
				14616C5B2842898700158D13 /* Record.swift */,
				14616C7228462F2500158D13 /* RecordStatistics.swift */,
				14616C6E284605D500158D13 /* Group.swift */,
			);
			path = Entity;
			sourceTree = "<group>";
		};
		14CD7DC5282415A300BB83C9 /* Repository */ = {
			isa = PBXGroup;
			children = (
				14ACD36A282BC7E1004D724A /* AuthRepository.swift */,
				14ACD356282BB855004D724A /* UserRepository.swift */,
				14616C5F28428BB800158D13 /* RecordRepository.swift */,
			);
			path = Repository;
			sourceTree = "<group>";
		};
		14CD7DC6282415A800BB83C9 /* UseCase */ = {
			isa = PBXGroup;
			children = (
				14ACD36C282BC843004D724A /* AuthUseCase.swift */,
				14ACD358282BBA4A004D724A /* UserUseCase.swift */,
				14616C6128428CCA00158D13 /* RecordUseCase.swift */,
			);
			path = UseCase;
			sourceTree = "<group>";
		};
		14CD7DC7282415C300BB83C9 /* Base */ = {
			isa = PBXGroup;
			children = (
				1470271C28242C8500059328 /* ViewModelType.swift */,
				14CD7DC8282415CD00BB83C9 /* BaseViewController.swift */,
				1470271A28242C0100059328 /* BasePanelViewController.swift */,
				14616C45284218F000158D13 /* BasePopupViewController.swift */,
			);
			path = Base;
			sourceTree = "<group>";
		};
		2D53525E27ED339E29F68030 /* Pods */ = {
			isa = PBXGroup;
			children = (
				CDCC4CADF7C7AAB7559897A7 /* Pods-RunningMate.debug.xcconfig */,
				9606E5726500C2792FBBCDDE /* Pods-RunningMate.release.xcconfig */,
			);
			path = Pods;
			sourceTree = "<group>";
		};
		EBC811AD6C28CBCAAEAF77C9 /* Frameworks */ = {
			isa = PBXGroup;
			children = (
				14616C41283E945D00158D13 /* HealthKit.framework */,
				4CD35F9053B9A658D0E02DC6 /* Pods_RunningMate.framework */,
			);
			name = Frameworks;
			sourceTree = "<group>";
		};
/* End PBXGroup section */

/* Begin PBXNativeTarget section */
		14CD7DA7282414C200BB83C9 /* RunningMate */ = {
			isa = PBXNativeTarget;
			buildConfigurationList = 14CD7DBC282414C300BB83C9 /* Build configuration list for PBXNativeTarget "RunningMate" */;
			buildPhases = (
				5AB00C0F8EDC323BCB5D241D /* [CP] Check Pods Manifest.lock */,
				14CD7DA4282414C200BB83C9 /* Sources */,
				14CD7DA5282414C200BB83C9 /* Frameworks */,
				14CD7DA6282414C200BB83C9 /* Resources */,
				5803027554B0CCD8A3700221 /* [CP] Embed Pods Frameworks */,
			);
			buildRules = (
			);
			dependencies = (
			);
			name = RunningMate;
			productName = RunningMate;
			productReference = 14CD7DA8282414C200BB83C9 /* RunningMate.app */;
			productType = "com.apple.product-type.application";
		};
/* End PBXNativeTarget section */

/* Begin PBXProject section */
		14CD7DA0282414C200BB83C9 /* Project object */ = {
			isa = PBXProject;
			attributes = {
				BuildIndependentTargetsInParallel = 1;
				LastSwiftUpdateCheck = 1330;
				LastUpgradeCheck = 1330;
				TargetAttributes = {
					14CD7DA7282414C200BB83C9 = {
						CreatedOnToolsVersion = 13.3;
					};
				};
			};
			buildConfigurationList = 14CD7DA3282414C200BB83C9 /* Build configuration list for PBXProject "RunningMate" */;
			compatibilityVersion = "Xcode 13.0";
			developmentRegion = en;
			hasScannedForEncodings = 0;
			knownRegions = (
				en,
				Base,
			);
			mainGroup = 14CD7D9F282414C200BB83C9;
			productRefGroup = 14CD7DA9282414C200BB83C9 /* Products */;
			projectDirPath = "";
			projectRoot = "";
			targets = (
				14CD7DA7282414C200BB83C9 /* RunningMate */,
			);
		};
/* End PBXProject section */

/* Begin PBXResourcesBuildPhase section */
		14CD7DA6282414C200BB83C9 /* Resources */ = {
			isa = PBXResourcesBuildPhase;
			buildActionMask = 2147483647;
			files = (
				148C4C4E28314A86004ED112 /* NanumSquareRoundOTFR.otf in Resources */,
				14CD7DB8282414C300BB83C9 /* LaunchScreen.storyboard in Resources */,
				148C4C4F28314A86004ED112 /* NanumSquareRoundOTFB.otf in Resources */,
				1470271528241D8500059328 /* Color.xcassets in Resources */,
				148C4C5028314A86004ED112 /* NanumSquareRoundOTFL.otf in Resources */,
				1470270D282419EF00059328 /* Image.xcassets in Resources */,
				14CD7DB5282414C300BB83C9 /* Assets.xcassets in Resources */,
				148C4C4D28314A86004ED112 /* NanumSquareRoundOTFEB.otf in Resources */,
			);
			runOnlyForDeploymentPostprocessing = 0;
		};
/* End PBXResourcesBuildPhase section */

/* Begin PBXShellScriptBuildPhase section */
		5803027554B0CCD8A3700221 /* [CP] Embed Pods Frameworks */ = {
			isa = PBXShellScriptBuildPhase;
			buildActionMask = 2147483647;
			files = (
			);
			inputFileListPaths = (
				"${PODS_ROOT}/Target Support Files/Pods-RunningMate/Pods-RunningMate-frameworks-${CONFIGURATION}-input-files.xcfilelist",
			);
			name = "[CP] Embed Pods Frameworks";
			outputFileListPaths = (
				"${PODS_ROOT}/Target Support Files/Pods-RunningMate/Pods-RunningMate-frameworks-${CONFIGURATION}-output-files.xcfilelist",
			);
			runOnlyForDeploymentPostprocessing = 0;
			shellPath = /bin/sh;
			shellScript = "\"${PODS_ROOT}/Target Support Files/Pods-RunningMate/Pods-RunningMate-frameworks.sh\"\n";
			showEnvVarsInLog = 0;
		};
		5AB00C0F8EDC323BCB5D241D /* [CP] Check Pods Manifest.lock */ = {
			isa = PBXShellScriptBuildPhase;
			buildActionMask = 2147483647;
			files = (
			);
			inputFileListPaths = (
			);
			inputPaths = (
				"${PODS_PODFILE_DIR_PATH}/Podfile.lock",
				"${PODS_ROOT}/Manifest.lock",
			);
			name = "[CP] Check Pods Manifest.lock";
			outputFileListPaths = (
			);
			outputPaths = (
				"$(DERIVED_FILE_DIR)/Pods-RunningMate-checkManifestLockResult.txt",
			);
			runOnlyForDeploymentPostprocessing = 0;
			shellPath = /bin/sh;
			shellScript = "diff \"${PODS_PODFILE_DIR_PATH}/Podfile.lock\" \"${PODS_ROOT}/Manifest.lock\" > /dev/null\nif [ $? != 0 ] ; then\n    # print error to STDERR\n    echo \"error: The sandbox is not in sync with the Podfile.lock. Run 'pod install' or update your CocoaPods installation.\" >&2\n    exit 1\nfi\n# This output is used by Xcode 'outputs' to avoid re-running this script phase.\necho \"SUCCESS\" > \"${SCRIPT_OUTPUT_FILE_0}\"\n";
			showEnvVarsInLog = 0;
		};
/* End PBXShellScriptBuildPhase section */

/* Begin PBXSourcesBuildPhase section */
		14CD7DA4282414C200BB83C9 /* Sources */ = {
			isa = PBXSourcesBuildPhase;
			buildActionMask = 2147483647;
			files = (
				14616C6F284605D500158D13 /* Group.swift in Sources */,
				148C4C31282F969C004ED112 /* UIView+Ext.swift in Sources */,
				1470271328241CA700059328 /* UIImage+Ext.swift in Sources */,
				148C4C5928315F61004ED112 /* SignUpViewModel.swift in Sources */,
				14616C7128460CDF00158D13 /* PaddingLabel.swift in Sources */,
				1470272428242F5A00059328 /* NetworkProvider.swift in Sources */,
				148007EB28335BAD0075B30B /* ActivityIndicator.swift in Sources */,
				14616C5828426DC200158D13 /* OuterScrollView.swift in Sources */,
				148C4BFE282E6428004ED112 /* UIViewController+Ext.swift in Sources */,
				14616C5E28428AE200158D13 /* RecordNetwork.swift in Sources */,
				14616C6428428D5200158D13 /* MyPage+RecordViewModel.swift in Sources */,
				14ACD367282BC6C8004D724A /* AuthNetwork.swift in Sources */,
				14616C802846895600158D13 /* YearMonthPicker.swift in Sources */,
				14616C40283D412B00158D13 /* UIStackView+Ext.swift in Sources */,
				148007E9283358EB0075B30B /* UDKey.swift in Sources */,
				14ACD353282BB16C004D724A /* SignInViewController.swift in Sources */,
				14616C82284722F900158D13 /* CompareBarView.swift in Sources */,
				14616C862848D92500158D13 /* YearMonthSelectPanelViewController.swift in Sources */,
				148007F12833A2610075B30B /* SignUpNavigator.swift in Sources */,
				148C4C48282FAFDC004ED112 /* RecordNavigator.swift in Sources */,
				148C4C3F282FA58E004ED112 /* Date+Ext.swift in Sources */,
				14616C7328462F2500158D13 /* RecordStatistics.swift in Sources */,
				14616C7B2846343E00158D13 /* MyPage+StatisticsViewModel.swift in Sources */,
				14616C79284631E600158D13 /* RecordStatisticsNetwork.swift in Sources */,
				14616C562842667100158D13 /* MyPage+StatisticsViewController.swift in Sources */,
				1470272028242CC800059328 /* HomeViewModel.swift in Sources */,
				148C4C45282FAF9E004ED112 /* RecordViewModel.swift in Sources */,
				14616C5C2842898700158D13 /* Record.swift in Sources */,
				14616C8A2848DD7E00158D13 /* FullScreenMapViewController.swift in Sources */,
				1470272228242E3C00059328 /* Network.swift in Sources */,
				14616C6028428BB800158D13 /* RecordRepository.swift in Sources */,
				1470271D28242C8500059328 /* ViewModelType.swift in Sources */,
				14616C692843C22E00158D13 /* UITableView+Ext.swift in Sources */,
				14616C4D28421E2A00158D13 /* MyPageViewModel.swift in Sources */,
				148C4C542831533B004ED112 /* CGFloat+Ext.swift in Sources */,
				148C4C25282F9457004ED112 /* Font+Ext.swift in Sources */,
				14616C4828421A9400158D13 /* RecordFinishPopupViewController.swift in Sources */,
				14CD7DAC282414C200BB83C9 /* AppDelegate.swift in Sources */,
				14616C4F28421E3C00158D13 /* MyPageNavigator.swift in Sources */,
				148C4C01282E6593004ED112 /* RecordViewController.swift in Sources */,
				14ACD359282BBA4A004D724A /* UserUseCase.swift in Sources */,
				147027092824182900059328 /* UINavigationController+Ext.swift in Sources */,
				14616C7E28463B3900158D13 /* TotalStatisticsView.swift in Sources */,
				1470271128241B6B00059328 /* Assets.swift in Sources */,
				148C4C52283151D8004ED112 /* UserManager.swift in Sources */,
				14616C3E283D14E500158D13 /* RecordStartViewController.swift in Sources */,
				14C9514C2825098700E22336 /* AppleSignInManager.swift in Sources */,
				14616C882848DA6400158D13 /* MyPage+StatisticsNavigator.swift in Sources */,
				14ACD369282BC709004D724A /* Auth.swift in Sources */,
				1470272A2824302900059328 /* User.swift in Sources */,
				14616C6728428F3B00158D13 /* RecordTableViewCell.swift in Sources */,
				14ACD36B282BC7E1004D724A /* AuthRepository.swift in Sources */,
				148C4C5728315F3D004ED112 /* SignUpViewController.swift in Sources */,
				14616C8428475D1400158D13 /* SelectedStatisticsView.swift in Sources */,
				148C4C41282FA6CF004ED112 /* HomeNavigator.swift in Sources */,
				1470271B28242C0100059328 /* BasePanelViewController.swift in Sources */,
				14ACD363282BC372004D724A /* SignInViewModel.swift in Sources */,
				14CD7DAE282414C200BB83C9 /* SceneDelegate.swift in Sources */,
				14CD7DC9282415CD00BB83C9 /* BaseViewController.swift in Sources */,
				14616C4B28421E1D00158D13 /* MyPageViewController.swift in Sources */,
				1470272828242FD500059328 /* UserNetwork.swift in Sources */,
				14616C6228428CCA00158D13 /* RecordUseCase.swift in Sources */,
				14ACD365282BC61F004D724A /* SignInNavigator.swift in Sources */,
				14ACD36D282BC843004D724A /* AuthUseCase.swift in Sources */,
				148007EF28338D040075B30B /* UIColor+Ext.swift in Sources */,
				14C9514F2825106B00E22336 /* RecordManager.swift in Sources */,
				148C4C2F282F9671004ED112 /* UIButton+Ext.swift in Sources */,
				148007ED283387780075B30B /* LoadingIndicator.swift in Sources */,
				14702719282427B000059328 /* UINavigationItem+Ext.swift in Sources */,
				14616C542842665400158D13 /* MyPage+RecordViewController.swift in Sources */,
				14616C6B2844663C00158D13 /* NSMutableAttributedString+Ext.swift in Sources */,
				14ACD357282BB855004D724A /* UserRepository.swift in Sources */,
				14616C46284218F000158D13 /* BasePopupViewController.swift in Sources */,
				147027062824180900059328 /* HomeViewController.swift in Sources */,
			);
			runOnlyForDeploymentPostprocessing = 0;
		};
/* End PBXSourcesBuildPhase section */

/* Begin PBXVariantGroup section */
		14CD7DB6282414C300BB83C9 /* LaunchScreen.storyboard */ = {
			isa = PBXVariantGroup;
			children = (
				14CD7DB7282414C300BB83C9 /* Base */,
			);
			name = LaunchScreen.storyboard;
			sourceTree = "<group>";
		};
/* End PBXVariantGroup section */

/* Begin XCBuildConfiguration section */
		14CD7DBA282414C300BB83C9 /* Debug */ = {
			isa = XCBuildConfiguration;
			buildSettings = {
				ALWAYS_SEARCH_USER_PATHS = NO;
				CLANG_ANALYZER_NONNULL = YES;
				CLANG_ANALYZER_NUMBER_OBJECT_CONVERSION = YES_AGGRESSIVE;
				CLANG_CXX_LANGUAGE_STANDARD = "gnu++17";
				CLANG_ENABLE_MODULES = YES;
				CLANG_ENABLE_OBJC_ARC = YES;
				CLANG_ENABLE_OBJC_WEAK = YES;
				CLANG_WARN_BLOCK_CAPTURE_AUTORELEASING = YES;
				CLANG_WARN_BOOL_CONVERSION = YES;
				CLANG_WARN_COMMA = YES;
				CLANG_WARN_CONSTANT_CONVERSION = YES;
				CLANG_WARN_DEPRECATED_OBJC_IMPLEMENTATIONS = YES;
				CLANG_WARN_DIRECT_OBJC_ISA_USAGE = YES_ERROR;
				CLANG_WARN_DOCUMENTATION_COMMENTS = YES;
				CLANG_WARN_EMPTY_BODY = YES;
				CLANG_WARN_ENUM_CONVERSION = YES;
				CLANG_WARN_INFINITE_RECURSION = YES;
				CLANG_WARN_INT_CONVERSION = YES;
				CLANG_WARN_NON_LITERAL_NULL_CONVERSION = YES;
				CLANG_WARN_OBJC_IMPLICIT_RETAIN_SELF = YES;
				CLANG_WARN_OBJC_LITERAL_CONVERSION = YES;
				CLANG_WARN_OBJC_ROOT_CLASS = YES_ERROR;
				CLANG_WARN_QUOTED_INCLUDE_IN_FRAMEWORK_HEADER = YES;
				CLANG_WARN_RANGE_LOOP_ANALYSIS = YES;
				CLANG_WARN_STRICT_PROTOTYPES = YES;
				CLANG_WARN_SUSPICIOUS_MOVE = YES;
				CLANG_WARN_UNGUARDED_AVAILABILITY = YES_AGGRESSIVE;
				CLANG_WARN_UNREACHABLE_CODE = YES;
				CLANG_WARN__DUPLICATE_METHOD_MATCH = YES;
				COPY_PHASE_STRIP = NO;
				DEBUG_INFORMATION_FORMAT = dwarf;
				ENABLE_STRICT_OBJC_MSGSEND = YES;
				ENABLE_TESTABILITY = YES;
				GCC_C_LANGUAGE_STANDARD = gnu11;
				GCC_DYNAMIC_NO_PIC = NO;
				GCC_NO_COMMON_BLOCKS = YES;
				GCC_OPTIMIZATION_LEVEL = 0;
				GCC_PREPROCESSOR_DEFINITIONS = (
					"DEBUG=1",
					"$(inherited)",
				);
				GCC_WARN_64_TO_32_BIT_CONVERSION = YES;
				GCC_WARN_ABOUT_RETURN_TYPE = YES_ERROR;
				GCC_WARN_UNDECLARED_SELECTOR = YES;
				GCC_WARN_UNINITIALIZED_AUTOS = YES_AGGRESSIVE;
				GCC_WARN_UNUSED_FUNCTION = YES;
				GCC_WARN_UNUSED_VARIABLE = YES;
				INFOPLIST_FILE = "";
				IPHONEOS_DEPLOYMENT_TARGET = 13.0;
				MTL_ENABLE_DEBUG_INFO = INCLUDE_SOURCE;
				MTL_FAST_MATH = YES;
				ONLY_ACTIVE_ARCH = YES;
				SDKROOT = iphoneos;
				SWIFT_ACTIVE_COMPILATION_CONDITIONS = DEBUG;
				SWIFT_OPTIMIZATION_LEVEL = "-Onone";
			};
			name = Debug;
		};
		14CD7DBB282414C300BB83C9 /* Release */ = {
			isa = XCBuildConfiguration;
			buildSettings = {
				ALWAYS_SEARCH_USER_PATHS = NO;
				CLANG_ANALYZER_NONNULL = YES;
				CLANG_ANALYZER_NUMBER_OBJECT_CONVERSION = YES_AGGRESSIVE;
				CLANG_CXX_LANGUAGE_STANDARD = "gnu++17";
				CLANG_ENABLE_MODULES = YES;
				CLANG_ENABLE_OBJC_ARC = YES;
				CLANG_ENABLE_OBJC_WEAK = YES;
				CLANG_WARN_BLOCK_CAPTURE_AUTORELEASING = YES;
				CLANG_WARN_BOOL_CONVERSION = YES;
				CLANG_WARN_COMMA = YES;
				CLANG_WARN_CONSTANT_CONVERSION = YES;
				CLANG_WARN_DEPRECATED_OBJC_IMPLEMENTATIONS = YES;
				CLANG_WARN_DIRECT_OBJC_ISA_USAGE = YES_ERROR;
				CLANG_WARN_DOCUMENTATION_COMMENTS = YES;
				CLANG_WARN_EMPTY_BODY = YES;
				CLANG_WARN_ENUM_CONVERSION = YES;
				CLANG_WARN_INFINITE_RECURSION = YES;
				CLANG_WARN_INT_CONVERSION = YES;
				CLANG_WARN_NON_LITERAL_NULL_CONVERSION = YES;
				CLANG_WARN_OBJC_IMPLICIT_RETAIN_SELF = YES;
				CLANG_WARN_OBJC_LITERAL_CONVERSION = YES;
				CLANG_WARN_OBJC_ROOT_CLASS = YES_ERROR;
				CLANG_WARN_QUOTED_INCLUDE_IN_FRAMEWORK_HEADER = YES;
				CLANG_WARN_RANGE_LOOP_ANALYSIS = YES;
				CLANG_WARN_STRICT_PROTOTYPES = YES;
				CLANG_WARN_SUSPICIOUS_MOVE = YES;
				CLANG_WARN_UNGUARDED_AVAILABILITY = YES_AGGRESSIVE;
				CLANG_WARN_UNREACHABLE_CODE = YES;
				CLANG_WARN__DUPLICATE_METHOD_MATCH = YES;
				COPY_PHASE_STRIP = NO;
				DEBUG_INFORMATION_FORMAT = "dwarf-with-dsym";
				ENABLE_NS_ASSERTIONS = NO;
				ENABLE_STRICT_OBJC_MSGSEND = YES;
				GCC_C_LANGUAGE_STANDARD = gnu11;
				GCC_NO_COMMON_BLOCKS = YES;
				GCC_WARN_64_TO_32_BIT_CONVERSION = YES;
				GCC_WARN_ABOUT_RETURN_TYPE = YES_ERROR;
				GCC_WARN_UNDECLARED_SELECTOR = YES;
				GCC_WARN_UNINITIALIZED_AUTOS = YES_AGGRESSIVE;
				GCC_WARN_UNUSED_FUNCTION = YES;
				GCC_WARN_UNUSED_VARIABLE = YES;
				INFOPLIST_FILE = "";
				IPHONEOS_DEPLOYMENT_TARGET = 13.0;
				MTL_ENABLE_DEBUG_INFO = NO;
				MTL_FAST_MATH = YES;
				SDKROOT = iphoneos;
				SWIFT_COMPILATION_MODE = wholemodule;
				SWIFT_OPTIMIZATION_LEVEL = "-O";
				VALIDATE_PRODUCT = YES;
			};
			name = Release;
		};
		14CD7DBD282414C300BB83C9 /* Debug */ = {
			isa = XCBuildConfiguration;
			baseConfigurationReference = CDCC4CADF7C7AAB7559897A7 /* Pods-RunningMate.debug.xcconfig */;
			buildSettings = {
				ASSETCATALOG_COMPILER_APPICON_NAME = AppIcon;
				ASSETCATALOG_COMPILER_GLOBAL_ACCENT_COLOR_NAME = AccentColor;
				CODE_SIGN_ENTITLEMENTS = RunningMate/RunningMate.entitlements;
				CODE_SIGN_STYLE = Automatic;
				CURRENT_PROJECT_VERSION = 1;
				DEVELOPMENT_TEAM = PX37AVLC5L;
				"EXCLUDED_ARCHS[sdk=iphonesimulator*]" = arm64;
				GENERATE_INFOPLIST_FILE = YES;
				INFOPLIST_FILE = RunningMate/Resource/Support/Info.plist;
				INFOPLIST_KEY_NSMotionUsageDescription = "운동 기록을 하기 위해 기기에 접근하는 것을 허용하시겠습니까?";
				INFOPLIST_KEY_UIApplicationSupportsIndirectInputEvents = YES;
				INFOPLIST_KEY_UILaunchStoryboardName = LaunchScreen;
				INFOPLIST_KEY_UISupportedInterfaceOrientations = UIInterfaceOrientationPortrait;
				INFOPLIST_KEY_UISupportedInterfaceOrientations_iPad = "UIInterfaceOrientationPortrait UIInterfaceOrientationPortraitUpsideDown UIInterfaceOrientationLandscapeLeft UIInterfaceOrientationLandscapeRight";
				INFOPLIST_KEY_UISupportedInterfaceOrientations_iPhone = "UIInterfaceOrientationPortrait UIInterfaceOrientationLandscapeLeft UIInterfaceOrientationLandscapeRight";
				IPHONEOS_DEPLOYMENT_TARGET = 13.0;
				LD_RUNPATH_SEARCH_PATHS = (
					"$(inherited)",
					"@executable_path/Frameworks",
				);
				MARKETING_VERSION = 1.0;
				PRODUCT_BUNDLE_IDENTIFIER = com.yunuki.RunningMate;
				PRODUCT_NAME = "$(TARGET_NAME)";
				SWIFT_EMIT_LOC_STRINGS = YES;
				SWIFT_VERSION = 5.0;
				TARGETED_DEVICE_FAMILY = 1;
			};
			name = Debug;
		};
		14CD7DBE282414C300BB83C9 /* Release */ = {
			isa = XCBuildConfiguration;
			baseConfigurationReference = 9606E5726500C2792FBBCDDE /* Pods-RunningMate.release.xcconfig */;
			buildSettings = {
				ASSETCATALOG_COMPILER_APPICON_NAME = AppIcon;
				ASSETCATALOG_COMPILER_GLOBAL_ACCENT_COLOR_NAME = AccentColor;
				CODE_SIGN_ENTITLEMENTS = RunningMate/RunningMate.entitlements;
				CODE_SIGN_STYLE = Automatic;
				CURRENT_PROJECT_VERSION = 1;
				DEVELOPMENT_TEAM = PX37AVLC5L;
				"EXCLUDED_ARCHS[sdk=iphonesimulator*]" = arm64;
				GENERATE_INFOPLIST_FILE = YES;
				INFOPLIST_FILE = RunningMate/Resource/Support/Info.plist;
				INFOPLIST_KEY_NSMotionUsageDescription = "운동 기록을 하기 위해 기기에 접근하는 것을 허용하시겠습니까?";
				INFOPLIST_KEY_UIApplicationSupportsIndirectInputEvents = YES;
				INFOPLIST_KEY_UILaunchStoryboardName = LaunchScreen;
				INFOPLIST_KEY_UISupportedInterfaceOrientations = UIInterfaceOrientationPortrait;
				INFOPLIST_KEY_UISupportedInterfaceOrientations_iPad = "UIInterfaceOrientationPortrait UIInterfaceOrientationPortraitUpsideDown UIInterfaceOrientationLandscapeLeft UIInterfaceOrientationLandscapeRight";
				INFOPLIST_KEY_UISupportedInterfaceOrientations_iPhone = "UIInterfaceOrientationPortrait UIInterfaceOrientationLandscapeLeft UIInterfaceOrientationLandscapeRight";
				IPHONEOS_DEPLOYMENT_TARGET = 13.0;
				LD_RUNPATH_SEARCH_PATHS = (
					"$(inherited)",
					"@executable_path/Frameworks",
				);
				MARKETING_VERSION = 1.0;
				PRODUCT_BUNDLE_IDENTIFIER = com.yunuki.RunningMate;
				PRODUCT_NAME = "$(TARGET_NAME)";
				SWIFT_EMIT_LOC_STRINGS = YES;
				SWIFT_VERSION = 5.0;
				TARGETED_DEVICE_FAMILY = 1;
			};
			name = Release;
		};
/* End XCBuildConfiguration section */

/* Begin XCConfigurationList section */
		14CD7DA3282414C200BB83C9 /* Build configuration list for PBXProject "RunningMate" */ = {
			isa = XCConfigurationList;
			buildConfigurations = (
				14CD7DBA282414C300BB83C9 /* Debug */,
				14CD7DBB282414C300BB83C9 /* Release */,
			);
			defaultConfigurationIsVisible = 0;
			defaultConfigurationName = Release;
		};
		14CD7DBC282414C300BB83C9 /* Build configuration list for PBXNativeTarget "RunningMate" */ = {
			isa = XCConfigurationList;
			buildConfigurations = (
				14CD7DBD282414C300BB83C9 /* Debug */,
				14CD7DBE282414C300BB83C9 /* Release */,
			);
			defaultConfigurationIsVisible = 0;
			defaultConfigurationName = Release;
		};
/* End XCConfigurationList section */
	};
	rootObject = 14CD7DA0282414C200BB83C9 /* Project object */;
}
